// !$*UTF8*$!
{
	archiveVersion = 1;
	classes = {
	};
	objectVersion = 46;
	objects = {

/* Begin PBXBuildFile section */
		69AF555715C01BA62B686C1A /* Pods_ParseChat.framework in Frameworks */ = {isa = PBXBuildFile; fileRef = 021E5C0A5922DD94C26EB3A6 /* Pods_ParseChat.framework */; };
		F77F04541C6D2890007B419E /* AppDelegate.swift in Sources */ = {isa = PBXBuildFile; fileRef = F77F04531C6D2890007B419E /* AppDelegate.swift */; };
		F77F04561C6D2890007B419E /* LoginViewController.swift in Sources */ = {isa = PBXBuildFile; fileRef = F77F04551C6D2890007B419E /* LoginViewController.swift */; };
		F77F04591C6D2890007B419E /* Main.storyboard in Resources */ = {isa = PBXBuildFile; fileRef = F77F04571C6D2890007B419E /* Main.storyboard */; };
		F77F045B1C6D2890007B419E /* Assets.xcassets in Resources */ = {isa = PBXBuildFile; fileRef = F77F045A1C6D2890007B419E /* Assets.xcassets */; };
		F77F045E1C6D2890007B419E /* LaunchScreen.storyboard in Resources */ = {isa = PBXBuildFile; fileRef = F77F045C1C6D2890007B419E /* LaunchScreen.storyboard */; };
		F77F04661C6D2D59007B419E /* ChatViewController.swift in Sources */ = {isa = PBXBuildFile; fileRef = F77F04651C6D2D59007B419E /* ChatViewController.swift */; };
		F77F04681C6D33B6007B419E /* MessageTableViewCell.swift in Sources */ = {isa = PBXBuildFile; fileRef = F77F04671C6D33B6007B419E /* MessageTableViewCell.swift */; };
/* End PBXBuildFile section */

/* Begin PBXFileReference section */
		021E5C0A5922DD94C26EB3A6 /* Pods_ParseChat.framework */ = {isa = PBXFileReference; explicitFileType = wrapper.framework; includeInIndex = 0; path = Pods_ParseChat.framework; sourceTree = BUILT_PRODUCTS_DIR; };
		0AF1010359A0A89E7F3C0E5A /* Pods-ParseChat.debug.xcconfig */ = {isa = PBXFileReference; includeInIndex = 1; lastKnownFileType = text.xcconfig; name = "Pods-ParseChat.debug.xcconfig"; path = "Pods/Target Support Files/Pods-ParseChat/Pods-ParseChat.debug.xcconfig"; sourceTree = "<group>"; };
		E7C44A23AB08D4DCE6353FF7 /* Pods-ParseChat.release.xcconfig */ = {isa = PBXFileReference; includeInIndex = 1; lastKnownFileType = text.xcconfig; name = "Pods-ParseChat.release.xcconfig"; path = "Pods/Target Support Files/Pods-ParseChat/Pods-ParseChat.release.xcconfig"; sourceTree = "<group>"; };
		F77F04501C6D2890007B419E /* ParseChat.app */ = {isa = PBXFileReference; explicitFileType = wrapper.application; includeInIndex = 0; path = ParseChat.app; sourceTree = BUILT_PRODUCTS_DIR; };
		F77F04531C6D2890007B419E /* AppDelegate.swift */ = {isa = PBXFileReference; lastKnownFileType = sourcecode.swift; path = AppDelegate.swift; sourceTree = "<group>"; };
		F77F04551C6D2890007B419E /* LoginViewController.swift */ = {isa = PBXFileReference; lastKnownFileType = sourcecode.swift; path = LoginViewController.swift; sourceTree = "<group>"; };
		F77F04581C6D2890007B419E /* Base */ = {isa = PBXFileReference; lastKnownFileType = file.storyboard; name = Base; path = Base.lproj/Main.storyboard; sourceTree = "<group>"; };
		F77F045A1C6D2890007B419E /* Assets.xcassets */ = {isa = PBXFileReference; lastKnownFileType = folder.assetcatalog; path = Assets.xcassets; sourceTree = "<group>"; };
		F77F045D1C6D2890007B419E /* Base */ = {isa = PBXFileReference; lastKnownFileType = file.storyboard; name = Base; path = Base.lproj/LaunchScreen.storyboard; sourceTree = "<group>"; };
		F77F045F1C6D2890007B419E /* Info.plist */ = {isa = PBXFileReference; lastKnownFileType = text.plist.xml; path = Info.plist; sourceTree = "<group>"; };
		F77F04651C6D2D59007B419E /* ChatViewController.swift */ = {isa = PBXFileReference; fileEncoding = 4; lastKnownFileType = sourcecode.swift; path = ChatViewController.swift; sourceTree = "<group>"; };
		F77F04671C6D33B6007B419E /* MessageTableViewCell.swift */ = {isa = PBXFileReference; fileEncoding = 4; lastKnownFileType = sourcecode.swift; path = MessageTableViewCell.swift; sourceTree = "<group>"; };
/* End PBXFileReference section */

/* Begin PBXFrameworksBuildPhase section */
		F77F044D1C6D2890007B419E /* Frameworks */ = {
			isa = PBXFrameworksBuildPhase;
			buildActionMask = 2147483647;
			files = (
				69AF555715C01BA62B686C1A /* Pods_ParseChat.framework in Frameworks */,
			);
			runOnlyForDeploymentPostprocessing = 0;
		};
/* End PBXFrameworksBuildPhase section */

/* Begin PBXGroup section */
		1222732836BB867076C185B8 /* Frameworks */ = {
			isa = PBXGroup;
			children = (
				021E5C0A5922DD94C26EB3A6 /* Pods_ParseChat.framework */,
			);
			name = Frameworks;
			sourceTree = "<group>";
		};
		352F9893BD1E9D5DA1CA5121 /* Pods */ = {
			isa = PBXGroup;
			children = (
				0AF1010359A0A89E7F3C0E5A /* Pods-ParseChat.debug.xcconfig */,
				E7C44A23AB08D4DCE6353FF7 /* Pods-ParseChat.release.xcconfig */,
			);
			name = Pods;
			sourceTree = "<group>";
		};
		F77F04471C6D2890007B419E = {
			isa = PBXGroup;
			children = (
				F77F04521C6D2890007B419E /* ParseChat */,
				F77F04511C6D2890007B419E /* Products */,
				352F9893BD1E9D5DA1CA5121 /* Pods */,
				1222732836BB867076C185B8 /* Frameworks */,
			);
			sourceTree = "<group>";
		};
		F77F04511C6D2890007B419E /* Products */ = {
			isa = PBXGroup;
			children = (
				F77F04501C6D2890007B419E /* ParseChat.app */,
			);
			name = Products;
			sourceTree = "<group>";
		};
		F77F04521C6D2890007B419E /* ParseChat */ = {
			isa = PBXGroup;
			children = (
				F77F04531C6D2890007B419E /* AppDelegate.swift */,
				F77F04551C6D2890007B419E /* LoginViewController.swift */,
				F77F04571C6D2890007B419E /* Main.storyboard */,
				F77F04671C6D33B6007B419E /* MessageTableViewCell.swift */,
				F77F04651C6D2D59007B419E /* ChatViewController.swift */,
				F77F045A1C6D2890007B419E /* Assets.xcassets */,
				F77F045C1C6D2890007B419E /* LaunchScreen.storyboard */,
				F77F045F1C6D2890007B419E /* Info.plist */,
			);
			path = ParseChat;
			sourceTree = "<group>";
		};
/* End PBXGroup section */

/* Begin PBXNativeTarget section */
		F77F044F1C6D2890007B419E /* ParseChat */ = {
			isa = PBXNativeTarget;
			buildConfigurationList = F77F04621C6D2890007B419E /* Build configuration list for PBXNativeTarget "ParseChat" */;
			buildPhases = (
				96446A36968DC155D2EEB4BA /* Check Pods Manifest.lock */,
				F77F044C1C6D2890007B419E /* Sources */,
				F77F044D1C6D2890007B419E /* Frameworks */,
				F77F044E1C6D2890007B419E /* Resources */,
				11B327694C2C69BB06B32B82 /* Embed Pods Frameworks */,
				7DEA3543570B8800D2D89E08 /* Copy Pods Resources */,
			);
			buildRules = (
			);
			dependencies = (
			);
			name = ParseChat;
			productName = ParseChat;
			productReference = F77F04501C6D2890007B419E /* ParseChat.app */;
			productType = "com.apple.product-type.application";
		};
/* End PBXNativeTarget section */

/* Begin PBXProject section */
		F77F04481C6D2890007B419E /* Project object */ = {
			isa = PBXProject;
			attributes = {
				LastSwiftUpdateCheck = 0720;
				LastUpgradeCheck = 0720;
				ORGANIZATIONNAME = ZengJintao;
				TargetAttributes = {
					F77F044F1C6D2890007B419E = {
						CreatedOnToolsVersion = 7.2;
					};
				};
			};
			buildConfigurationList = F77F044B1C6D2890007B419E /* Build configuration list for PBXProject "ParseChat" */;
			compatibilityVersion = "Xcode 3.2";
			developmentRegion = English;
			hasScannedForEncodings = 0;
			knownRegions = (
				en,
				Base,
			);
			mainGroup = F77F04471C6D2890007B419E;
			productRefGroup = F77F04511C6D2890007B419E /* Products */;
			projectDirPath = "";
			projectRoot = "";
			targets = (
				F77F044F1C6D2890007B419E /* ParseChat */,
			);
		};
/* End PBXProject section */

/* Begin PBXResourcesBuildPhase section */
		F77F044E1C6D2890007B419E /* Resources */ = {
			isa = PBXResourcesBuildPhase;
			buildActionMask = 2147483647;
			files = (
				F77F045E1C6D2890007B419E /* LaunchScreen.storyboard in Resources */,
				F77F045B1C6D2890007B419E /* Assets.xcassets in Resources */,
				F77F04591C6D2890007B419E /* Main.storyboard in Resources */,
			);
			runOnlyForDeploymentPostprocessing = 0;
		};
/* End PBXResourcesBuildPhase section */

/* Begin PBXShellScriptBuildPhase section */
		11B327694C2C69BB06B32B82 /* Embed Pods Frameworks */ = {
			isa = PBXShellScriptBuildPhase;
			buildActionMask = 2147483647;
			files = (
			);
			inputPaths = (
			);
			name = "Embed Pods Frameworks";
			outputPaths = (
			);
			runOnlyForDeploymentPostprocessing = 0;
			shellPath = /bin/sh;
			shellScript = "\"${SRCROOT}/Pods/Target Support Files/Pods-ParseChat/Pods-ParseChat-frameworks.sh\"\n";
			showEnvVarsInLog = 0;
		};
		7DEA3543570B8800D2D89E08 /* Copy Pods Resources */ = {
			isa = PBXShellScriptBuildPhase;
			buildActionMask = 2147483647;
			files = (
			);
			inputPaths = (
			);
			name = "Copy Pods Resources";
			outputPaths = (
			);
			runOnlyForDeploymentPostprocessing = 0;
			shellPath = /bin/sh;
			shellScript = "\"${SRCROOT}/Pods/Target Support Files/Pods-ParseChat/Pods-ParseChat-resources.sh\"\n";
			showEnvVarsInLog = 0;
		};
		96446A36968DC155D2EEB4BA /* Check Pods Manifest.lock */ = {
			isa = PBXShellScriptBuildPhase;
			buildActionMask = 2147483647;
			files = (
			);
			inputPaths = (
			);
			name = "Check Pods Manifest.lock";
			outputPaths = (
			);
			runOnlyForDeploymentPostprocessing = 0;
			shellPath = /bin/sh;
			shellScript = "diff \"${PODS_ROOT}/../Podfile.lock\" \"${PODS_ROOT}/Manifest.lock\" > /dev/null\nif [[ $? != 0 ]] ; then\n    cat << EOM\nerror: The sandbox is not in sync with the Podfile.lock. Run 'pod install' or update your CocoaPods installation.\nEOM\n    exit 1\nfi\n";
			showEnvVarsInLog = 0;
		};
/* End PBXShellScriptBuildPhase section */

/* Begin PBXSourcesBuildPhase section */
		F77F044C1C6D2890007B419E /* Sources */ = {
			isa = PBXSourcesBuildPhase;
			buildActionMask = 2147483647;
			files = (
				F77F04561C6D2890007B419E /* LoginViewController.swift in Sources */,
				F77F04681C6D33B6007B419E /* MessageTableViewCell.swift in Sources */,
				F77F04661C6D2D59007B419E /* ChatViewController.swift in Sources */,
				F77F04541C6D2890007B419E /* AppDelegate.swift in Sources */,
			);
			runOnlyForDeploymentPostprocessing = 0;
		};
/* End PBXSourcesBuildPhase section */

/* Begin PBXVariantGroup section */
		F77F04571C6D2890007B419E /* Main.storyboard */ = {
			isa = PBXVariantGroup;
			children = (
				F77F04581C6D2890007B419E /* Base */,
			);
			name = Main.storyboard;
			sourceTree = "<group>";
		};
		F77F045C1C6D2890007B419E /* LaunchScreen.storyboard */ = {
			isa = PBXVariantGroup;
			children = (
				F77F045D1C6D2890007B419E /* Base */,
			);
			name = LaunchScreen.storyboard;
			sourceTree = "<group>";
		};
/* End PBXVariantGroup section */

/* Begin XCBuildConfiguration section */
		F77F04601C6D2890007B419E /* Debug */ = {
			isa = XCBuildConfiguration;
			buildSettings = {
				ALWAYS_SEARCH_USER_PATHS = NO;
				CLANG_CXX_LANGUAGE_STANDARD = "gnu++0x";
				CLANG_CXX_LIBRARY = "libc++";
				CLANG_ENABLE_MODULES = YES;
				CLANG_ENABLE_OBJC_ARC = YES;
				CLANG_WARN_BOOL_CONVERSION = YES;
				CLANG_WARN_CONSTANT_CONVERSION = YES;
				CLANG_WARN_DIRECT_OBJC_ISA_USAGE = YES_ERROR;
				CLANG_WARN_EMPTY_BODY = YES;
				CLANG_WARN_ENUM_CONVERSION = YES;
				CLANG_WARN_INT_CONVERSION = YES;
				CLANG_WARN_OBJC_ROOT_CLASS = YES_ERROR;
				CLANG_WARN_UNREACHABLE_CODE = YES;
				CLANG_WARN__DUPLICATE_METHOD_MATCH = YES;
				"CODE_SIGN_IDENTITY[sdk=iphoneos*]" = "iPhone Developer";
				COPY_PHASE_STRIP = NO;
				DEBUG_INFORMATION_FORMAT = dwarf;
				ENABLE_STRICT_OBJC_MSGSEND = YES;
				ENABLE_TESTABILITY = YES;
				GCC_C_LANGUAGE_STANDARD = gnu99;
				GCC_DYNAMIC_NO_PIC = NO;
				GCC_NO_COMMON_BLOCKS = YES;
				GCC_OPTIMIZATION_LEVEL = 0;
				GCC_PREPROCESSOR_DEFINITIONS = (
					"DEBUG=1",
					"$(inherited)",
				);
				GCC_WARN_64_TO_32_BIT_CONVERSION = YES;
				GCC_WARN_ABOUT_RETURN_TYPE = YES_ERROR;
				GCC_WARN_UNDECLARED_SELECTOR = YES;
				GCC_WARN_UNINITIALIZED_AUTOS = YES_AGGRESSIVE;
				GCC_WARN_UNUSED_FUNCTION = YES;
				GCC_WARN_UNUSED_VARIABLE = YES;
				IPHONEOS_DEPLOYMENT_TARGET = 9.2;
				MTL_ENABLE_DEBUG_INFO = YES;
				ONLY_ACTIVE_ARCH = YES;
				SDKROOT = iphoneos;
				SWIFT_OPTIMIZATION_LEVEL = "-Onone";
				TARGETED_DEVICE_FAMILY = "1,2";
			};
			name = Debug;
		};
		F77F04611C6D2890007B419E /* Release */ = {
			isa = XCBuildConfiguration;
			buildSettings = {
				ALWAYS_SEARCH_USER_PATHS = NO;
				CLANG_CXX_LANGUAGE_STANDARD = "gnu++0x";
				CLANG_CXX_LIBRARY = "libc++";
				CLANG_ENABLE_MODULES = YES;
				CLANG_ENABLE_OBJC_ARC = YES;
				CLANG_WARN_BOOL_CONVERSION = YES;
				CLANG_WARN_CONSTANT_CONVERSION = YES;
				CLANG_WARN_DIRECT_OBJC_ISA_USAGE = YES_ERROR;
				CLANG_WARN_EMPTY_BODY = YES;
				CLANG_WARN_ENUM_CONVERSION = YES;
				CLANG_WARN_INT_CONVERSION = YES;
				CLANG_WARN_OBJC_ROOT_CLASS = YES_ERROR;
				CLANG_WARN_UNREACHABLE_CODE = YES;
				CLANG_WARN__DUPLICATE_METHOD_MATCH = YES;
				"CODE_SIGN_IDENTITY[sdk=iphoneos*]" = "iPhone Developer";
				COPY_PHASE_STRIP = NO;
				DEBUG_INFORMATION_FORMAT = "dwarf-with-dsym";
				ENABLE_NS_ASSERTIONS = NO;
				ENABLE_STRICT_OBJC_MSGSEND = YES;
				GCC_C_LANGUAGE_STANDARD = gnu99;
				GCC_NO_COMMON_BLOCKS = YES;
				GCC_WARN_64_TO_32_BIT_CONVERSION = YES;
				GCC_WARN_ABOUT_RETURN_TYPE = YES_ERROR;
				GCC_WARN_UNDECLARED_SELECTOR = YES;
				GCC_WARN_UNINITIALIZED_AUTOS = YES_AGGRESSIVE;
				GCC_WARN_UNUSED_FUNCTION = YES;
				GCC_WARN_UNUSED_VARIABLE = YES;
				IPHONEOS_DEPLOYMENT_TARGET = 9.2;
				MTL_ENABLE_DEBUG_INFO = NO;
				SDKROOT = iphoneos;
				TARGETED_DEVICE_FAMILY = "1,2";
				VALIDATE_PRODUCT = YES;
			};
			name = Release;
		};
		F77F04631C6D2890007B419E /* Debug */ = {
			isa = XCBuildConfiguration;
			baseConfigurationReference = 0AF1010359A0A89E7F3C0E5A /* Pods-ParseChat.debug.xcconfig */;
			buildSettings = {
				ASSETCATALOG_COMPILER_APPICON_NAME = AppIcon;
				INFOPLIST_FILE = ParseChat/Info.plist;
				LD_RUNPATH_SEARCH_PATHS = "$(inherited) @executable_path/Frameworks";
				PRODUCT_BUNDLE_IDENTIFIER = PurdueIdeaFamily.ParseChat;
				PRODUCT_NAME = "$(TARGET_NAME)";
			};
			name = Debug;
		};
		F77F04641C6D2890007B419E /* Release */ = {
			isa = XCBuildConfiguration;
			baseConfigurationReference = E7C44A23AB08D4DCE6353FF7 /* Pods-ParseChat.release.xcconfig */;
			buildSettings = {
				ASSETCATALOG_COMPILER_APPICON_NAME = AppIcon;
				INFOPLIST_FILE = ParseChat/Info.plist;
				LD_RUNPATH_SEARCH_PATHS = "$(inherited) @executable_path/Frameworks";
				PRODUCT_BUNDLE_IDENTIFIER = PurdueIdeaFamily.ParseChat;
				PRODUCT_NAME = "$(TARGET_NAME)";
			};
			name = Release;
		};
/* End XCBuildConfiguration section */

/* Begin XCConfigurationList section */
		F77F044B1C6D2890007B419E /* Build configuration list for PBXProject "ParseChat" */ = {
			isa = XCConfigurationList;
			buildConfigurations = (
				F77F04601C6D2890007B419E /* Debug */,
				F77F04611C6D2890007B419E /* Release */,
			);
			defaultConfigurationIsVisible = 0;
			defaultConfigurationName = Release;
		};
		F77F04621C6D2890007B419E /* Build configuration list for PBXNativeTarget "ParseChat" */ = {
			isa = XCConfigurationList;
			buildConfigurations = (
				F77F04631C6D2890007B419E /* Debug */,
				F77F04641C6D2890007B419E /* Release */,
			);
			defaultConfigurationIsVisible = 0;
			defaultConfigurationName = Release;
		};
/* End XCConfigurationList section */
	};
	rootObject = F77F04481C6D2890007B419E /* Project object */;
}
